PODS:
  - Factory (2.4.3)
  - Flutter (1.0.0)
  - privy_flutter (0.0.1):
    - Factory (= 2.4.3)
    - Flutter
    - PrivySDK (~> 2.0.0-beta.6)
  - PrivySDK (2.0.0-beta.6)

DEPENDENCIES:
  - Flutter (from `Flutter`)
  - privy_flutter (from `.symlinks/plugins/privy_flutter/ios`)

SPEC REPOS:
  trunk:
    - Factory
    - PrivySDK

EXTERNAL SOURCES:
  Flutter:
    :path: Flutter
  privy_flutter:
    :path: ".symlinks/plugins/privy_flutter/ios"

SPEC CHECKSUMS:
  Factory: 9d20d8cb56fc44b341d6dad1cf67dc93e9ae7788
  Flutter: e0871f40cf51350855a761d2e70bf5af5b9b5de7
  privy_flutter: 4adb496d5675d0769bf6370dc434430b642fa82a
  PrivySDK: 19f93400f8bcb72f7c0b58b376340ed695103981

PODFILE CHECKSUM: 333efbbf12de0e18efdf9c969a9ab5d335232de6

COCOAPODS: 1.16.2
